<Solution>
  <Folder Name="/src/">
    <Project Path="src/RealWorldApi.AppHost/RealWorldApi.AppHost.csproj" />
    <Project Path="src/RealWorldApi.Core/RealWorldApi.Core.csproj" />
    <Project Path="src/RealWorldApi.Infrastructure/RealWorldApi.Infrastructure.csproj" />
    <Project Path="src/RealWorldApi.ServiceDefaults/RealWorldApi.ServiceDefaults.csproj" />
  </Folder>
  <Folder Name="/tests/">
    <Project Path="tests/RealWorldApi.IntegrationTests/RealWorldApi.IntegrationTests.csproj" />
    <Project Path="tests/RealWorldApi.UnitTests/RealWorldApi.UnitTests.csproj" />
  </Folder>
</Solution>
